
Microsoft Visual Studio Solution File, Format Version 12.00
# Visual Studio Version 17
VisualStudioVersion = 17.14.36202.13 d17.14
MinimumVisualStudioVersion = 10.0.40219.1
Project("{FAE04EC0-301F-11D3-BF4B-00C04F79EFBC}") = "BootlegSimCity", "BootlegSimCity.csproj", "{FC863BCD-F701-4341-AD90-7BF2FFF9AFDD}"
EndProject
Project("{FAE04EC0-301F-11D3-BF4B-00C04F79EFBC}") = "Pathfinding", "..\Pathfinding\Pathfinding.csproj", "{B2270A73-3264-4021-835D-E792888026BC}"
EndProject
Global
	GlobalSection(SolutionConfigurationPlatforms) = preSolution
		Debug|Any CPU = Debug|Any CPU
		Release|Any CPU = Release|Any CPU
	EndGlobalSection
	GlobalSection(ProjectConfigurationPlatforms) = postSolution
		{FC863BCD-F701-4341-AD90-7BF2FFF9AFDD}.Debug|Any CPU.ActiveCfg = Debug|Any CPU
		{FC863BCD-F701-4341-AD90-7BF2FFF9AFDD}.Debug|Any CPU.Build.0 = Debug|Any CPU
		{FC863BCD-F701-4341-AD90-7BF2FFF9AFDD}.Release|Any CPU.ActiveCfg = Release|Any CPU
		{FC863BCD-F701-4341-AD90-7BF2FFF9AFDD}.Release|Any CPU.Build.0 = Release|Any CPU
		{B2270A73-3264-4021-835D-E792888026BC}.Debug|Any CPU.ActiveCfg = Debug|Any CPU
		{B2270A73-3264-4021-835D-E792888026BC}.Debug|Any CPU.Build.0 = Debug|Any CPU
		{B2270A73-3264-4021-835D-E792888026BC}.Release|Any CPU.ActiveCfg = Release|Any CPU
		{B2270A73-3264-4021-835D-E792888026BC}.Release|Any CPU.Build.0 = Release|Any CPU
	EndGlobalSection
	GlobalSection(SolutionProperties) = preSolution
		HideSolutionNode = FALSE
	EndGlobalSection
	GlobalSection(ExtensibilityGlobals) = postSolution
		SolutionGuid = {EFB3FACD-5924-41CC-9653-5BFA7FEFFAB5}
	EndGlobalSection
EndGlobal
