
Microsoft Visual Studio Solution File, Format Version 12.00
# Visual Studio Version 17
VisualStudioVersion = 17.14.36717.8 d17.14
MinimumVisualStudioVersion = 10.0.40219.1
Project("{FAE04EC0-301F-11D3-BF4B-00C04F79EFBC}") = "GradientDescentXOR", "GradientDescentXOR.csproj", "{4F89646B-8512-4E4B-A501-6ABC22FCC9AB}"
EndProject
Global
	GlobalSection(SolutionConfigurationPlatforms) = preSolution
		Debug|Any CPU = Debug|Any CPU
		Release|Any CPU = Release|Any CPU
	EndGlobalSection
	GlobalSection(ProjectConfigurationPlatforms) = postSolution
		{4F89646B-8512-4E4B-A501-6ABC22FCC9AB}.Debug|Any CPU.ActiveCfg = Debug|Any CPU
		{4F89646B-8512-4E4B-A501-6ABC22FCC9AB}.Debug|Any CPU.Build.0 = Debug|Any CPU
		{4F89646B-8512-4E4B-A501-6ABC22FCC9AB}.Release|Any CPU.ActiveCfg = Release|Any CPU
		{4F89646B-8512-4E4B-A501-6ABC22FCC9AB}.Release|Any CPU.Build.0 = Release|Any CPU
	EndGlobalSection
	GlobalSection(SolutionProperties) = preSolution
		HideSolutionNode = FALSE
	EndGlobalSection
	GlobalSection(ExtensibilityGlobals) = postSolution
		SolutionGuid = {AD8DA434-F908-4CCD-A1B6-B7351239A3C7}
	EndGlobalSection
EndGlobal
