
Microsoft Visual Studio Solution File, Format Version 12.00
# Visual Studio Version 17
VisualStudioVersion = 17.10.34928.147
MinimumVisualStudioVersion = 10.0.40219.1
Project("{FAE04EC0-301F-11D3-BF4B-00C04F79EFBC}") = "CircularDoublyLinkedList", "CircularDoublyLinkedList\CircularDoublyLinkedList.csproj", "{759719D2-C73A-491F-B681-94A39BFAB1C5}"
EndProject
Global
	GlobalSection(SolutionConfigurationPlatforms) = preSolution
		Debug|Any CPU = Debug|Any CPU
		Release|Any CPU = Release|Any CPU
	EndGlobalSection
	GlobalSection(ProjectConfigurationPlatforms) = postSolution
		{759719D2-C73A-491F-B681-94A39BFAB1C5}.Debug|Any CPU.ActiveCfg = Debug|Any CPU
		{759719D2-C73A-491F-B681-94A39BFAB1C5}.Debug|Any CPU.Build.0 = Debug|Any CPU
		{759719D2-C73A-491F-B681-94A39BFAB1C5}.Release|Any CPU.ActiveCfg = Release|Any CPU
		{759719D2-C73A-491F-B681-94A39BFAB1C5}.Release|Any CPU.Build.0 = Release|Any CPU
	EndGlobalSection
	GlobalSection(SolutionProperties) = preSolution
		HideSolutionNode = FALSE
	EndGlobalSection
	GlobalSection(ExtensibilityGlobals) = postSolution
		SolutionGuid = {369036DE-6391-41EC-9650-3FCB2350644F}
	EndGlobalSection
EndGlobal
