
Microsoft Visual Studio Solution File, Format Version 12.00
# Visual Studio Version 17
VisualStudioVersion = 17.5.33516.290
MinimumVisualStudioVersion = 10.0.40219.1
Project("{FAE04EC0-301F-11D3-BF4B-00C04F79EFBC}") = "LinkedArrayShoppingList", "LinkedArrayShoppingList\LinkedArrayShoppingList.csproj", "{C91744A1-D9AE-470F-A58C-845BBB36AEAA}"
EndProject
Global
	GlobalSection(SolutionConfigurationPlatforms) = preSolution
		Debug|Any CPU = Debug|Any CPU
		Release|Any CPU = Release|Any CPU
	EndGlobalSection
	GlobalSection(ProjectConfigurationPlatforms) = postSolution
		{C91744A1-D9AE-470F-A58C-845BBB36AEAA}.Debug|Any CPU.ActiveCfg = Debug|Any CPU
		{C91744A1-D9AE-470F-A58C-845BBB36AEAA}.Debug|Any CPU.Build.0 = Debug|Any CPU
		{C91744A1-D9AE-470F-A58C-845BBB36AEAA}.Release|Any CPU.ActiveCfg = Release|Any CPU
		{C91744A1-D9AE-470F-A58C-845BBB36AEAA}.Release|Any CPU.Build.0 = Release|Any CPU
	EndGlobalSection
	GlobalSection(SolutionProperties) = preSolution
		HideSolutionNode = FALSE
	EndGlobalSection
	GlobalSection(ExtensibilityGlobals) = postSolution
		SolutionGuid = {E75C089A-84E3-43D1-9918-55BCC2D10EF6}
	EndGlobalSection
EndGlobal
