
Microsoft Visual Studio Solution File, Format Version 12.00
# Visual Studio Version 17
VisualStudioVersion = 17.14.36202.13
MinimumVisualStudioVersion = 10.0.40219.1
Project("{FAE04EC0-301F-11D3-BF4B-00C04F79EFBC}") = "SortedSet", "SortedSet.csproj", "{2B83D9C3-74EC-4EC4-82FA-DC7847D46B78}"
EndProject
Project("{FAE04EC0-301F-11D3-BF4B-00C04F79EFBC}") = "SortedSetTester", "..\SortedSetTester\SortedSetTester.csproj", "{14531980-5870-462D-9C4E-98463049BC85}"
EndProject
Global
	GlobalSection(SolutionConfigurationPlatforms) = preSolution
		Debug|Any CPU = Debug|Any CPU
		Release|Any CPU = Release|Any CPU
	EndGlobalSection
	GlobalSection(ProjectConfigurationPlatforms) = postSolution
		{2B83D9C3-74EC-4EC4-82FA-DC7847D46B78}.Debug|Any CPU.ActiveCfg = Debug|Any CPU
		{2B83D9C3-74EC-4EC4-82FA-DC7847D46B78}.Debug|Any CPU.Build.0 = Debug|Any CPU
		{2B83D9C3-74EC-4EC4-82FA-DC7847D46B78}.Release|Any CPU.ActiveCfg = Release|Any CPU
		{2B83D9C3-74EC-4EC4-82FA-DC7847D46B78}.Release|Any CPU.Build.0 = Release|Any CPU
		{14531980-5870-462D-9C4E-98463049BC85}.Debug|Any CPU.ActiveCfg = Debug|Any CPU
		{14531980-5870-462D-9C4E-98463049BC85}.Debug|Any CPU.Build.0 = Debug|Any CPU
		{14531980-5870-462D-9C4E-98463049BC85}.Release|Any CPU.ActiveCfg = Release|Any CPU
		{14531980-5870-462D-9C4E-98463049BC85}.Release|Any CPU.Build.0 = Release|Any CPU
	EndGlobalSection
	GlobalSection(SolutionProperties) = preSolution
		HideSolutionNode = FALSE
	EndGlobalSection
	GlobalSection(ExtensibilityGlobals) = postSolution
		SolutionGuid = {9FFB62B9-DA7E-4914-A17A-221B63240807}
	EndGlobalSection
EndGlobal
