
Microsoft Visual Studio Solution File, Format Version 12.00
# Visual Studio Version 17
VisualStudioVersion = 17.12.35707.178 d17.12
MinimumVisualStudioVersion = 10.0.40219.1
Project("{FAE04EC0-301F-11D3-BF4B-00C04F79EFBC}") = "BloomFilter", "..\BloomFilterer\BloomFilter.csproj", "{80E7AC08-74F3-45BA-B0AB-6B42A891788C}"
EndProject
Project("{FAE04EC0-301F-11D3-BF4B-00C04F79EFBC}") = "BloomFilterTest", "..\BloomFilterTest\BloomFilterTest.csproj", "{AA8DC01B-440D-4D43-93E4-89BCE3781565}"
EndProject
Global
	GlobalSection(SolutionConfigurationPlatforms) = preSolution
		Debug|Any CPU = Debug|Any CPU
		Release|Any CPU = Release|Any CPU
	EndGlobalSection
	GlobalSection(ProjectConfigurationPlatforms) = postSolution
		{80E7AC08-74F3-45BA-B0AB-6B42A891788C}.Debug|Any CPU.ActiveCfg = Debug|Any CPU
		{80E7AC08-74F3-45BA-B0AB-6B42A891788C}.Debug|Any CPU.Build.0 = Debug|Any CPU
		{80E7AC08-74F3-45BA-B0AB-6B42A891788C}.Release|Any CPU.ActiveCfg = Release|Any CPU
		{80E7AC08-74F3-45BA-B0AB-6B42A891788C}.Release|Any CPU.Build.0 = Release|Any CPU
		{AA8DC01B-440D-4D43-93E4-89BCE3781565}.Debug|Any CPU.ActiveCfg = Debug|Any CPU
		{AA8DC01B-440D-4D43-93E4-89BCE3781565}.Debug|Any CPU.Build.0 = Debug|Any CPU
		{AA8DC01B-440D-4D43-93E4-89BCE3781565}.Release|Any CPU.ActiveCfg = Release|Any CPU
		{AA8DC01B-440D-4D43-93E4-89BCE3781565}.Release|Any CPU.Build.0 = Release|Any CPU
	EndGlobalSection
	GlobalSection(SolutionProperties) = preSolution
		HideSolutionNode = FALSE
	EndGlobalSection
EndGlobal
